
Microsoft Visual Studio Solution File, Format Version 12.00
# Visual Studio Version 17
VisualStudioVersion = 17.5.33627.172
MinimumVisualStudioVersion = 10.0.40219.1
Project("{FAE04EC0-301F-11D3-BF4B-00C04F79EFBC}") = "GXIIICS", "GXIIICS.csproj", "{B97EEA6E-8C15-417B-B678-C9E4DE99BBF6}"
EndProject
Global
	GlobalSection(SolutionConfigurationPlatforms) = preSolution
		Debug|Any CPU = Debug|Any CPU
		Release|Any CPU = Release|Any CPU
	EndGlobalSection
	GlobalSection(ProjectConfigurationPlatforms) = postSolution
		{B97EEA6E-8C15-417B-B678-C9E4DE99BBF6}.Debug|Any CPU.ActiveCfg = Debug|Any CPU
		{B97EEA6E-8C15-417B-B678-C9E4DE99BBF6}.Debug|Any CPU.Build.0 = Debug|Any CPU
		{B97EEA6E-8C15-417B-B678-C9E4DE99BBF6}.Release|Any CPU.ActiveCfg = Release|Any CPU
		{B97EEA6E-8C15-417B-B678-C9E4DE99BBF6}.Release|Any CPU.Build.0 = Release|Any CPU
	EndGlobalSection
	GlobalSection(SolutionProperties) = preSolution
		HideSolutionNode = FALSE
	EndGlobalSection
	GlobalSection(ExtensibilityGlobals) = postSolution
		SolutionGuid = {69F8BB29-5DB1-41DC-B7FA-762D8FEF5565}
	EndGlobalSection
EndGlobal
